// !$*UTF8*$!
{
	archiveVersion = 1;
	classes = {
	};
	objectVersion = 48;
	objects = {

/* Begin PBXBuildFile section */
		0A0EBBFA1FE860D600D8AD4E /* PopVC.swift in Sources */ = {isa = PBXBuildFile; fileRef = 0A0EBBF91FE860D600D8AD4E /* PopVC.swift */; };
		0A0EBBFC1FE867F700D8AD4E /* RoundedView.swift in Sources */ = {isa = PBXBuildFile; fileRef = 0A0EBBFB1FE867F700D8AD4E /* RoundedView.swift */; };
		0A24EADB1FE073EE0036F131 /* Main.storyboard in Resources */ = {isa = PBXBuildFile; fileRef = 0A24EADA1FE073EE0036F131 /* Main.storyboard */; };
		0A391EA11FE46DD800C127C3 /* PhotoCell.swift in Sources */ = {isa = PBXBuildFile; fileRef = 0A391EA01FE46DD800C127C3 /* PhotoCell.swift */; };
		0A555CCA1FDF136C0023E34F /* AppDelegate.swift in Sources */ = {isa = PBXBuildFile; fileRef = 0A555CC91FDF136C0023E34F /* AppDelegate.swift */; };
		0A555CCC1FDF136C0023E34F /* MapVC.swift in Sources */ = {isa = PBXBuildFile; fileRef = 0A555CCB1FDF136C0023E34F /* MapVC.swift */; };
		0A555CD11FDF136C0023E34F /* Assets.xcassets in Resources */ = {isa = PBXBuildFile; fileRef = 0A555CD01FDF136C0023E34F /* Assets.xcassets */; };
		0A555CD41FDF136C0023E34F /* LaunchScreen.storyboard in Resources */ = {isa = PBXBuildFile; fileRef = 0A555CD21FDF136C0023E34F /* LaunchScreen.storyboard */; };
		0A555CDF1FDF136C0023E34F /* Pixel_CityTests.swift in Sources */ = {isa = PBXBuildFile; fileRef = 0A555CDE1FDF136C0023E34F /* Pixel_CityTests.swift */; };
		0A555CEA1FDF136C0023E34F /* Pixel_CityUITests.swift in Sources */ = {isa = PBXBuildFile; fileRef = 0A555CE91FDF136C0023E34F /* Pixel_CityUITests.swift */; };
		0ABBC6BA1FE1CDD1006C4CC4 /* DroppablePin.swift in Sources */ = {isa = PBXBuildFile; fileRef = 0ABBC6B91FE1CDD1006C4CC4 /* DroppablePin.swift */; };
		0ADCE2C71FE5CFF10050E4E8 /* Constants.swift in Sources */ = {isa = PBXBuildFile; fileRef = 0ADCE2C61FE5CFF10050E4E8 /* Constants.swift */; };
		EF5821D023343F9080378965 /* Pods_Pixel_City.framework in Frameworks */ = {isa = PBXBuildFile; fileRef = 9D556F2434C48D00CDF64D9F /* Pods_Pixel_City.framework */; };
/* End PBXBuildFile section */

/* Begin PBXContainerItemProxy section */
		0A555CDB1FDF136C0023E34F /* PBXContainerItemProxy */ = {
			isa = PBXContainerItemProxy;
			containerPortal = 0A555CBE1FDF136C0023E34F /* Project object */;
			proxyType = 1;
			remoteGlobalIDString = 0A555CC51FDF136C0023E34F;
			remoteInfo = "Pixel City";
		};
		0A555CE61FDF136C0023E34F /* PBXContainerItemProxy */ = {
			isa = PBXContainerItemProxy;
			containerPortal = 0A555CBE1FDF136C0023E34F /* Project object */;
			proxyType = 1;
			remoteGlobalIDString = 0A555CC51FDF136C0023E34F;
			remoteInfo = "Pixel City";
		};
/* End PBXContainerItemProxy section */

/* Begin PBXFileReference section */
		0A0EBBF91FE860D600D8AD4E /* PopVC.swift */ = {isa = PBXFileReference; lastKnownFileType = sourcecode.swift; path = PopVC.swift; sourceTree = "<group>"; };
		0A0EBBFB1FE867F700D8AD4E /* RoundedView.swift */ = {isa = PBXFileReference; lastKnownFileType = sourcecode.swift; path = RoundedView.swift; sourceTree = "<group>"; };
		0A24EADA1FE073EE0036F131 /* Main.storyboard */ = {isa = PBXFileReference; fileEncoding = 4; lastKnownFileType = file.storyboard; path = Main.storyboard; sourceTree = "<group>"; };
		0A391EA01FE46DD800C127C3 /* PhotoCell.swift */ = {isa = PBXFileReference; lastKnownFileType = sourcecode.swift; path = PhotoCell.swift; sourceTree = "<group>"; };
		0A555CC61FDF136C0023E34F /* Pixel City.app */ = {isa = PBXFileReference; explicitFileType = wrapper.application; includeInIndex = 0; path = "Pixel City.app"; sourceTree = BUILT_PRODUCTS_DIR; };
		0A555CC91FDF136C0023E34F /* AppDelegate.swift */ = {isa = PBXFileReference; lastKnownFileType = sourcecode.swift; path = AppDelegate.swift; sourceTree = "<group>"; };
		0A555CCB1FDF136C0023E34F /* MapVC.swift */ = {isa = PBXFileReference; lastKnownFileType = sourcecode.swift; path = MapVC.swift; sourceTree = "<group>"; };
		0A555CD01FDF136C0023E34F /* Assets.xcassets */ = {isa = PBXFileReference; lastKnownFileType = folder.assetcatalog; path = Assets.xcassets; sourceTree = "<group>"; };
		0A555CD31FDF136C0023E34F /* Base */ = {isa = PBXFileReference; lastKnownFileType = file.storyboard; name = Base; path = Base.lproj/LaunchScreen.storyboard; sourceTree = "<group>"; };
		0A555CD51FDF136C0023E34F /* Info.plist */ = {isa = PBXFileReference; lastKnownFileType = text.plist.xml; path = Info.plist; sourceTree = "<group>"; };
		0A555CDA1FDF136C0023E34F /* Pixel CityTests.xctest */ = {isa = PBXFileReference; explicitFileType = wrapper.cfbundle; includeInIndex = 0; path = "Pixel CityTests.xctest"; sourceTree = BUILT_PRODUCTS_DIR; };
		0A555CDE1FDF136C0023E34F /* Pixel_CityTests.swift */ = {isa = PBXFileReference; lastKnownFileType = sourcecode.swift; path = Pixel_CityTests.swift; sourceTree = "<group>"; };
		0A555CE01FDF136C0023E34F /* Info.plist */ = {isa = PBXFileReference; lastKnownFileType = text.plist.xml; path = Info.plist; sourceTree = "<group>"; };
		0A555CE51FDF136C0023E34F /* Pixel CityUITests.xctest */ = {isa = PBXFileReference; explicitFileType = wrapper.cfbundle; includeInIndex = 0; path = "Pixel CityUITests.xctest"; sourceTree = BUILT_PRODUCTS_DIR; };
		0A555CE91FDF136C0023E34F /* Pixel_CityUITests.swift */ = {isa = PBXFileReference; lastKnownFileType = sourcecode.swift; path = Pixel_CityUITests.swift; sourceTree = "<group>"; };
		0A555CEB1FDF136C0023E34F /* Info.plist */ = {isa = PBXFileReference; lastKnownFileType = text.plist.xml; path = Info.plist; sourceTree = "<group>"; };
		0ABBC6B91FE1CDD1006C4CC4 /* DroppablePin.swift */ = {isa = PBXFileReference; lastKnownFileType = sourcecode.swift; path = DroppablePin.swift; sourceTree = "<group>"; };
		0ADCE2C61FE5CFF10050E4E8 /* Constants.swift */ = {isa = PBXFileReference; lastKnownFileType = sourcecode.swift; path = Constants.swift; sourceTree = "<group>"; };
		79DC98F175E782803161E546 /* Pods-Pixel City.release.xcconfig */ = {isa = PBXFileReference; includeInIndex = 1; lastKnownFileType = text.xcconfig; name = "Pods-Pixel City.release.xcconfig"; path = "Pods/Target Support Files/Pods-Pixel City/Pods-Pixel City.release.xcconfig"; sourceTree = "<group>"; };
		9D556F2434C48D00CDF64D9F /* Pods_Pixel_City.framework */ = {isa = PBXFileReference; explicitFileType = wrapper.framework; includeInIndex = 0; path = Pods_Pixel_City.framework; sourceTree = BUILT_PRODUCTS_DIR; };
		C24EFC608FA82EDA20B0B128 /* Pods-Pixel City.debug.xcconfig */ = {isa = PBXFileReference; includeInIndex = 1; lastKnownFileType = text.xcconfig; name = "Pods-Pixel City.debug.xcconfig"; path = "Pods/Target Support Files/Pods-Pixel City/Pods-Pixel City.debug.xcconfig"; sourceTree = "<group>"; };
/* End PBXFileReference section */

/* Begin PBXFrameworksBuildPhase section */
		0A555CC31FDF136C0023E34F /* Frameworks */ = {
			isa = PBXFrameworksBuildPhase;
			buildActionMask = 2147483647;
			files = (
				EF5821D023343F9080378965 /* Pods_Pixel_City.framework in Frameworks */,
			);
			runOnlyForDeploymentPostprocessing = 0;
		};
		0A555CD71FDF136C0023E34F /* Frameworks */ = {
			isa = PBXFrameworksBuildPhase;
			buildActionMask = 2147483647;
			files = (
			);
			runOnlyForDeploymentPostprocessing = 0;
		};
		0A555CE21FDF136C0023E34F /* Frameworks */ = {
			isa = PBXFrameworksBuildPhase;
			buildActionMask = 2147483647;
			files = (
			);
			runOnlyForDeploymentPostprocessing = 0;
		};
/* End PBXFrameworksBuildPhase section */

/* Begin PBXGroup section */
		0A555CBD1FDF136C0023E34F = {
			isa = PBXGroup;
			children = (
				0A555CC81FDF136C0023E34F /* Pixel City */,
				0A555CDD1FDF136C0023E34F /* Pixel CityTests */,
				0A555CE81FDF136C0023E34F /* Pixel CityUITests */,
				0A555CC71FDF136C0023E34F /* Products */,
				D654E99BEBBBECA572A11B99 /* Pods */,
				159A16E1F29CB3958338933C /* Frameworks */,
			);
			sourceTree = "<group>";
		};
		0A555CC71FDF136C0023E34F /* Products */ = {
			isa = PBXGroup;
			children = (
				0A555CC61FDF136C0023E34F /* Pixel City.app */,
				0A555CDA1FDF136C0023E34F /* Pixel CityTests.xctest */,
				0A555CE51FDF136C0023E34F /* Pixel CityUITests.xctest */,
			);
			name = Products;
			sourceTree = "<group>";
		};
		0A555CC81FDF136C0023E34F /* Pixel City */ = {
			isa = PBXGroup;
			children = (
				0A555CFA1FDF13BB0023E34F /* Utilities  */,
				0A555CF91FDF13B10023E34F /* Extensions */,
				0A555CF81FDF13A20023E34F /* View */,
				0A555CF71FDF13930023E34F /* Controller */,
				0A555CC91FDF136C0023E34F /* AppDelegate.swift */,
				0A24EADA1FE073EE0036F131 /* Main.storyboard */,
				0A555CD01FDF136C0023E34F /* Assets.xcassets */,
				0A555CD21FDF136C0023E34F /* LaunchScreen.storyboard */,
				0A555CD51FDF136C0023E34F /* Info.plist */,
			);
			path = "Pixel City";
			sourceTree = "<group>";
		};
		0A555CDD1FDF136C0023E34F /* Pixel CityTests */ = {
			isa = PBXGroup;
			children = (
				0A555CDE1FDF136C0023E34F /* Pixel_CityTests.swift */,
				0A555CE01FDF136C0023E34F /* Info.plist */,
			);
			path = "Pixel CityTests";
			sourceTree = "<group>";
		};
		0A555CE81FDF136C0023E34F /* Pixel CityUITests */ = {
			isa = PBXGroup;
			children = (
				0A555CE91FDF136C0023E34F /* Pixel_CityUITests.swift */,
				0A555CEB1FDF136C0023E34F /* Info.plist */,
			);
			path = "Pixel CityUITests";
			sourceTree = "<group>";
		};
		0A555CF71FDF13930023E34F /* Controller */ = {
			isa = PBXGroup;
			children = (
				0A555CCB1FDF136C0023E34F /* MapVC.swift */,
				0A0EBBF91FE860D600D8AD4E /* PopVC.swift */,
			);
			path = Controller;
			sourceTree = "<group>";
		};
		0A555CF81FDF13A20023E34F /* View */ = {
			isa = PBXGroup;
			children = (
				0ABBC6B91FE1CDD1006C4CC4 /* DroppablePin.swift */,
				0A391EA01FE46DD800C127C3 /* PhotoCell.swift */,
				0A0EBBFB1FE867F700D8AD4E /* RoundedView.swift */,
			);
			path = View;
			sourceTree = "<group>";
		};
		0A555CF91FDF13B10023E34F /* Extensions */ = {
			isa = PBXGroup;
			children = (
				0ADCE2C61FE5CFF10050E4E8 /* Constants.swift */,
			);
			path = Extensions;
			sourceTree = "<group>";
		};
		0A555CFA1FDF13BB0023E34F /* Utilities  */ = {
			isa = PBXGroup;
			children = (
			);
			path = "Utilities ";
			sourceTree = "<group>";
		};
		159A16E1F29CB3958338933C /* Frameworks */ = {
			isa = PBXGroup;
			children = (
				9D556F2434C48D00CDF64D9F /* Pods_Pixel_City.framework */,
			);
			name = Frameworks;
			sourceTree = "<group>";
		};
		D654E99BEBBBECA572A11B99 /* Pods */ = {
			isa = PBXGroup;
			children = (
				C24EFC608FA82EDA20B0B128 /* Pods-Pixel City.debug.xcconfig */,
				79DC98F175E782803161E546 /* Pods-Pixel City.release.xcconfig */,
			);
			name = Pods;
			sourceTree = "<group>";
		};
/* End PBXGroup section */

/* Begin PBXNativeTarget section */
		0A555CC51FDF136C0023E34F /* Pixel City */ = {
			isa = PBXNativeTarget;
			buildConfigurationList = 0A555CEE1FDF136C0023E34F /* Build configuration list for PBXNativeTarget "Pixel City" */;
			buildPhases = (
				607F42D571F0EE779C17144E /* [CP] Check Pods Manifest.lock */,
				0A555CC21FDF136C0023E34F /* Sources */,
				0A555CC31FDF136C0023E34F /* Frameworks */,
				0A555CC41FDF136C0023E34F /* Resources */,
				10D67584C37227A81684A885 /* [CP] Embed Pods Frameworks */,
				01BBF018B5D4809345E256BA /* [CP] Copy Pods Resources */,
			);
			buildRules = (
			);
			dependencies = (
			);
			name = "Pixel City";
			productName = "Pixel City";
			productReference = 0A555CC61FDF136C0023E34F /* Pixel City.app */;
			productType = "com.apple.product-type.application";
		};
		0A555CD91FDF136C0023E34F /* Pixel CityTests */ = {
			isa = PBXNativeTarget;
			buildConfigurationList = 0A555CF11FDF136C0023E34F /* Build configuration list for PBXNativeTarget "Pixel CityTests" */;
			buildPhases = (
				0A555CD61FDF136C0023E34F /* Sources */,
				0A555CD71FDF136C0023E34F /* Frameworks */,
				0A555CD81FDF136C0023E34F /* Resources */,
			);
			buildRules = (
			);
			dependencies = (
				0A555CDC1FDF136C0023E34F /* PBXTargetDependency */,
			);
			name = "Pixel CityTests";
			productName = "Pixel CityTests";
			productReference = 0A555CDA1FDF136C0023E34F /* Pixel CityTests.xctest */;
			productType = "com.apple.product-type.bundle.unit-test";
		};
		0A555CE41FDF136C0023E34F /* Pixel CityUITests */ = {
			isa = PBXNativeTarget;
			buildConfigurationList = 0A555CF41FDF136C0023E34F /* Build configuration list for PBXNativeTarget "Pixel CityUITests" */;
			buildPhases = (
				0A555CE11FDF136C0023E34F /* Sources */,
				0A555CE21FDF136C0023E34F /* Frameworks */,
				0A555CE31FDF136C0023E34F /* Resources */,
			);
			buildRules = (
			);
			dependencies = (
				0A555CE71FDF136C0023E34F /* PBXTargetDependency */,
			);
			name = "Pixel CityUITests";
			productName = "Pixel CityUITests";
			productReference = 0A555CE51FDF136C0023E34F /* Pixel CityUITests.xctest */;
			productType = "com.apple.product-type.bundle.ui-testing";
		};
/* End PBXNativeTarget section */

/* Begin PBXProject section */
		0A555CBE1FDF136C0023E34F /* Project object */ = {
			isa = PBXProject;
			attributes = {
				LastSwiftUpdateCheck = 0920;
				LastUpgradeCheck = 0920;
				ORGANIZATIONNAME = "vince zipparro";
				TargetAttributes = {
					0A555CC51FDF136C0023E34F = {
						CreatedOnToolsVersion = 9.2;
						ProvisioningStyle = Automatic;
					};
					0A555CD91FDF136C0023E34F = {
						CreatedOnToolsVersion = 9.2;
						ProvisioningStyle = Automatic;
						TestTargetID = 0A555CC51FDF136C0023E34F;
					};
					0A555CE41FDF136C0023E34F = {
						CreatedOnToolsVersion = 9.2;
						ProvisioningStyle = Automatic;
						TestTargetID = 0A555CC51FDF136C0023E34F;
					};
				};
			};
			buildConfigurationList = 0A555CC11FDF136C0023E34F /* Build configuration list for PBXProject "Pixel City" */;
			compatibilityVersion = "Xcode 8.0";
			developmentRegion = en;
			hasScannedForEncodings = 0;
			knownRegions = (
				en,
				Base,
			);
			mainGroup = 0A555CBD1FDF136C0023E34F;
			productRefGroup = 0A555CC71FDF136C0023E34F /* Products */;
			projectDirPath = "";
			projectRoot = "";
			targets = (
				0A555CC51FDF136C0023E34F /* Pixel City */,
				0A555CD91FDF136C0023E34F /* Pixel CityTests */,
				0A555CE41FDF136C0023E34F /* Pixel CityUITests */,
			);
		};
/* End PBXProject section */

/* Begin PBXResourcesBuildPhase section */
		0A555CC41FDF136C0023E34F /* Resources */ = {
			isa = PBXResourcesBuildPhase;
			buildActionMask = 2147483647;
			files = (
				0A555CD41FDF136C0023E34F /* LaunchScreen.storyboard in Resources */,
				0A555CD11FDF136C0023E34F /* Assets.xcassets in Resources */,
				0A24EADB1FE073EE0036F131 /* Main.storyboard in Resources */,
			);
			runOnlyForDeploymentPostprocessing = 0;
		};
		0A555CD81FDF136C0023E34F /* Resources */ = {
			isa = PBXResourcesBuildPhase;
			buildActionMask = 2147483647;
			files = (
			);
			runOnlyForDeploymentPostprocessing = 0;
		};
		0A555CE31FDF136C0023E34F /* Resources */ = {
			isa = PBXResourcesBuildPhase;
			buildActionMask = 2147483647;
			files = (
			);
			runOnlyForDeploymentPostprocessing = 0;
		};
/* End PBXResourcesBuildPhase section */

/* Begin PBXShellScriptBuildPhase section */
		01BBF018B5D4809345E256BA /* [CP] Copy Pods Resources */ = {
			isa = PBXShellScriptBuildPhase;
			buildActionMask = 2147483647;
			files = (
			);
			inputPaths = (
			);
			name = "[CP] Copy Pods Resources";
			outputPaths = (
			);
			runOnlyForDeploymentPostprocessing = 0;
			shellPath = /bin/sh;
			shellScript = "\"${SRCROOT}/Pods/Target Support Files/Pods-Pixel City/Pods-Pixel City-resources.sh\"\n";
			showEnvVarsInLog = 0;
		};
		10D67584C37227A81684A885 /* [CP] Embed Pods Frameworks */ = {
			isa = PBXShellScriptBuildPhase;
			buildActionMask = 2147483647;
			files = (
			);
			inputPaths = (
			);
			name = "[CP] Embed Pods Frameworks";
			outputPaths = (
			);
			runOnlyForDeploymentPostprocessing = 0;
			shellPath = /bin/sh;
			shellScript = "\"${SRCROOT}/Pods/Target Support Files/Pods-Pixel City/Pods-Pixel City-frameworks.sh\"\n";
			showEnvVarsInLog = 0;
		};
		607F42D571F0EE779C17144E /* [CP] Check Pods Manifest.lock */ = {
			isa = PBXShellScriptBuildPhase;
			buildActionMask = 2147483647;
			files = (
			);
			inputPaths = (
			);
			name = "[CP] Check Pods Manifest.lock";
			outputPaths = (
			);
			runOnlyForDeploymentPostprocessing = 0;
			shellPath = /bin/sh;
			shellScript = "diff \"${PODS_ROOT}/../Podfile.lock\" \"${PODS_ROOT}/Manifest.lock\" > /dev/null\nif [ $? != 0 ] ; then\n    # print error to STDERR\n    echo \"error: The sandbox is not in sync with the Podfile.lock. Run 'pod install' or update your CocoaPods installation.\" >&2\n    exit 1\nfi\n";
			showEnvVarsInLog = 0;
		};
/* End PBXShellScriptBuildPhase section */

/* Begin PBXSourcesBuildPhase section */
		0A555CC21FDF136C0023E34F /* Sources */ = {
			isa = PBXSourcesBuildPhase;
			buildActionMask = 2147483647;
			files = (
				0A0EBBFA1FE860D600D8AD4E /* PopVC.swift in Sources */,
				0ADCE2C71FE5CFF10050E4E8 /* Constants.swift in Sources */,
				0A0EBBFC1FE867F700D8AD4E /* RoundedView.swift in Sources */,
				0A391EA11FE46DD800C127C3 /* PhotoCell.swift in Sources */,
				0A555CCC1FDF136C0023E34F /* MapVC.swift in Sources */,
				0ABBC6BA1FE1CDD1006C4CC4 /* DroppablePin.swift in Sources */,
				0A555CCA1FDF136C0023E34F /* AppDelegate.swift in Sources */,
			);
			runOnlyForDeploymentPostprocessing = 0;
		};
		0A555CD61FDF136C0023E34F /* Sources */ = {
			isa = PBXSourcesBuildPhase;
			buildActionMask = 2147483647;
			files = (
				0A555CDF1FDF136C0023E34F /* Pixel_CityTests.swift in Sources */,
			);
			runOnlyForDeploymentPostprocessing = 0;
		};
		0A555CE11FDF136C0023E34F /* Sources */ = {
			isa = PBXSourcesBuildPhase;
			buildActionMask = 2147483647;
			files = (
				0A555CEA1FDF136C0023E34F /* Pixel_CityUITests.swift in Sources */,
			);
			runOnlyForDeploymentPostprocessing = 0;
		};
/* End PBXSourcesBuildPhase section */

/* Begin PBXTargetDependency section */
		0A555CDC1FDF136C0023E34F /* PBXTargetDependency */ = {
			isa = PBXTargetDependency;
			target = 0A555CC51FDF136C0023E34F /* Pixel City */;
			targetProxy = 0A555CDB1FDF136C0023E34F /* PBXContainerItemProxy */;
		};
		0A555CE71FDF136C0023E34F /* PBXTargetDependency */ = {
			isa = PBXTargetDependency;
			target = 0A555CC51FDF136C0023E34F /* Pixel City */;
			targetProxy = 0A555CE61FDF136C0023E34F /* PBXContainerItemProxy */;
		};
/* End PBXTargetDependency section */

/* Begin PBXVariantGroup section */
		0A555CD21FDF136C0023E34F /* LaunchScreen.storyboard */ = {
			isa = PBXVariantGroup;
			children = (
				0A555CD31FDF136C0023E34F /* Base */,
			);
			name = LaunchScreen.storyboard;
			sourceTree = "<group>";
		};
/* End PBXVariantGroup section */

/* Begin XCBuildConfiguration section */
		0A555CEC1FDF136C0023E34F /* Debug */ = {
			isa = XCBuildConfiguration;
			buildSettings = {
				ALWAYS_SEARCH_USER_PATHS = NO;
				CLANG_ANALYZER_NONNULL = YES;
				CLANG_ANALYZER_NUMBER_OBJECT_CONVERSION = YES_AGGRESSIVE;
				CLANG_CXX_LANGUAGE_STANDARD = "gnu++14";
				CLANG_CXX_LIBRARY = "libc++";
				CLANG_ENABLE_MODULES = YES;
				CLANG_ENABLE_OBJC_ARC = YES;
				CLANG_WARN_BLOCK_CAPTURE_AUTORELEASING = YES;
				CLANG_WARN_BOOL_CONVERSION = YES;
				CLANG_WARN_COMMA = YES;
				CLANG_WARN_CONSTANT_CONVERSION = YES;
				CLANG_WARN_DIRECT_OBJC_ISA_USAGE = YES_ERROR;
				CLANG_WARN_DOCUMENTATION_COMMENTS = YES;
				CLANG_WARN_EMPTY_BODY = YES;
				CLANG_WARN_ENUM_CONVERSION = YES;
				CLANG_WARN_INFINITE_RECURSION = YES;
				CLANG_WARN_INT_CONVERSION = YES;
				CLANG_WARN_NON_LITERAL_NULL_CONVERSION = YES;
				CLANG_WARN_OBJC_LITERAL_CONVERSION = YES;
				CLANG_WARN_OBJC_ROOT_CLASS = YES_ERROR;
				CLANG_WARN_RANGE_LOOP_ANALYSIS = YES;
				CLANG_WARN_STRICT_PROTOTYPES = YES;
				CLANG_WARN_SUSPICIOUS_MOVE = YES;
				CLANG_WARN_UNGUARDED_AVAILABILITY = YES_AGGRESSIVE;
				CLANG_WARN_UNREACHABLE_CODE = YES;
				CLANG_WARN__DUPLICATE_METHOD_MATCH = YES;
				CODE_SIGN_IDENTITY = "iPhone Developer";
				COPY_PHASE_STRIP = NO;
				DEBUG_INFORMATION_FORMAT = dwarf;
				ENABLE_STRICT_OBJC_MSGSEND = YES;
				ENABLE_TESTABILITY = YES;
				GCC_C_LANGUAGE_STANDARD = gnu11;
				GCC_DYNAMIC_NO_PIC = NO;
				GCC_NO_COMMON_BLOCKS = YES;
				GCC_OPTIMIZATION_LEVEL = 0;
				GCC_PREPROCESSOR_DEFINITIONS = (
					"DEBUG=1",
					"$(inherited)",
				);
				GCC_WARN_64_TO_32_BIT_CONVERSION = YES;
				GCC_WARN_ABOUT_RETURN_TYPE = YES_ERROR;
				GCC_WARN_UNDECLARED_SELECTOR = YES;
				GCC_WARN_UNINITIALIZED_AUTOS = YES_AGGRESSIVE;
				GCC_WARN_UNUSED_FUNCTION = YES;
				GCC_WARN_UNUSED_VARIABLE = YES;
				IPHONEOS_DEPLOYMENT_TARGET = 11.2;
				MTL_ENABLE_DEBUG_INFO = YES;
				ONLY_ACTIVE_ARCH = YES;
				SDKROOT = iphoneos;
				SWIFT_ACTIVE_COMPILATION_CONDITIONS = DEBUG;
				SWIFT_OPTIMIZATION_LEVEL = "-Onone";
			};
			name = Debug;
		};
		0A555CED1FDF136C0023E34F /* Release */ = {
			isa = XCBuildConfiguration;
			buildSettings = {
				ALWAYS_SEARCH_USER_PATHS = NO;
				CLANG_ANALYZER_NONNULL = YES;
				CLANG_ANALYZER_NUMBER_OBJECT_CONVERSION = YES_AGGRESSIVE;
				CLANG_CXX_LANGUAGE_STANDARD = "gnu++14";
				CLANG_CXX_LIBRARY = "libc++";
				CLANG_ENABLE_MODULES = YES;
				CLANG_ENABLE_OBJC_ARC = YES;
				CLANG_WARN_BLOCK_CAPTURE_AUTORELEASING = YES;
				CLANG_WARN_BOOL_CONVERSION = YES;
				CLANG_WARN_COMMA = YES;
				CLANG_WARN_CONSTANT_CONVERSION = YES;
				CLANG_WARN_DIRECT_OBJC_ISA_USAGE = YES_ERROR;
				CLANG_WARN_DOCUMENTATION_COMMENTS = YES;
				CLANG_WARN_EMPTY_BODY = YES;
				CLANG_WARN_ENUM_CONVERSION = YES;
				CLANG_WARN_INFINITE_RECURSION = YES;
				CLANG_WARN_INT_CONVERSION = YES;
				CLANG_WARN_NON_LITERAL_NULL_CONVERSION = YES;
				CLANG_WARN_OBJC_LITERAL_CONVERSION = YES;
				CLANG_WARN_OBJC_ROOT_CLASS = YES_ERROR;
				CLANG_WARN_RANGE_LOOP_ANALYSIS = YES;
				CLANG_WARN_STRICT_PROTOTYPES = YES;
				CLANG_WARN_SUSPICIOUS_MOVE = YES;
				CLANG_WARN_UNGUARDED_AVAILABILITY = YES_AGGRESSIVE;
				CLANG_WARN_UNREACHABLE_CODE = YES;
				CLANG_WARN__DUPLICATE_METHOD_MATCH = YES;
				CODE_SIGN_IDENTITY = "iPhone Developer";
				COPY_PHASE_STRIP = NO;
				DEBUG_INFORMATION_FORMAT = "dwarf-with-dsym";
				ENABLE_NS_ASSERTIONS = NO;
				ENABLE_STRICT_OBJC_MSGSEND = YES;
				GCC_C_LANGUAGE_STANDARD = gnu11;
				GCC_NO_COMMON_BLOCKS = YES;
				GCC_WARN_64_TO_32_BIT_CONVERSION = YES;
				GCC_WARN_ABOUT_RETURN_TYPE = YES_ERROR;
				GCC_WARN_UNDECLARED_SELECTOR = YES;
				GCC_WARN_UNINITIALIZED_AUTOS = YES_AGGRESSIVE;
				GCC_WARN_UNUSED_FUNCTION = YES;
				GCC_WARN_UNUSED_VARIABLE = YES;
				IPHONEOS_DEPLOYMENT_TARGET = 11.2;
				MTL_ENABLE_DEBUG_INFO = NO;
				SDKROOT = iphoneos;
				SWIFT_OPTIMIZATION_LEVEL = "-Owholemodule";
				VALIDATE_PRODUCT = YES;
			};
			name = Release;
		};
		0A555CEF1FDF136C0023E34F /* Debug */ = {
			isa = XCBuildConfiguration;
			baseConfigurationReference = C24EFC608FA82EDA20B0B128 /* Pods-Pixel City.debug.xcconfig */;
			buildSettings = {
				ASSETCATALOG_COMPILER_APPICON_NAME = AppIcon;
				CODE_SIGN_STYLE = Automatic;
				INFOPLIST_FILE = "Pixel City/Info.plist";
				LD_RUNPATH_SEARCH_PATHS = "$(inherited) @executable_path/Frameworks";
				PRODUCT_BUNDLE_IDENTIFIER = "vincez.Pixel-City";
				PRODUCT_NAME = "$(TARGET_NAME)";
				SWIFT_VERSION = 4.0;
				TARGETED_DEVICE_FAMILY = "1,2";
			};
			name = Debug;
		};
		0A555CF01FDF136C0023E34F /* Release */ = {
			isa = XCBuildConfiguration;
			baseConfigurationReference = 79DC98F175E782803161E546 /* Pods-Pixel City.release.xcconfig */;
			buildSettings = {
				ASSETCATALOG_COMPILER_APPICON_NAME = AppIcon;
				CODE_SIGN_STYLE = Automatic;
				INFOPLIST_FILE = "Pixel City/Info.plist";
				LD_RUNPATH_SEARCH_PATHS = "$(inherited) @executable_path/Frameworks";
				PRODUCT_BUNDLE_IDENTIFIER = "vincez.Pixel-City";
				PRODUCT_NAME = "$(TARGET_NAME)";
				SWIFT_VERSION = 4.0;
				TARGETED_DEVICE_FAMILY = "1,2";
			};
			name = Release;
		};
		0A555CF21FDF136C0023E34F /* Debug */ = {
			isa = XCBuildConfiguration;
			buildSettings = {
				ALWAYS_EMBED_SWIFT_STANDARD_LIBRARIES = YES;
				BUNDLE_LOADER = "$(TEST_HOST)";
				CODE_SIGN_STYLE = Automatic;
				INFOPLIST_FILE = "Pixel CityTests/Info.plist";
				LD_RUNPATH_SEARCH_PATHS = "$(inherited) @executable_path/Frameworks @loader_path/Frameworks";
				PRODUCT_BUNDLE_IDENTIFIER = "vincez.Pixel-CityTests";
				PRODUCT_NAME = "$(TARGET_NAME)";
				SWIFT_VERSION = 4.0;
				TARGETED_DEVICE_FAMILY = "1,2";
				TEST_HOST = "$(BUILT_PRODUCTS_DIR)/Pixel City.app/Pixel City";
			};
			name = Debug;
		};
		0A555CF31FDF136C0023E34F /* Release */ = {
			isa = XCBuildConfiguration;
			buildSettings = {
				ALWAYS_EMBED_SWIFT_STANDARD_LIBRARIES = YES;
				BUNDLE_LOADER = "$(TEST_HOST)";
				CODE_SIGN_STYLE = Automatic;
				INFOPLIST_FILE = "Pixel CityTests/Info.plist";
				LD_RUNPATH_SEARCH_PATHS = "$(inherited) @executable_path/Frameworks @loader_path/Frameworks";
				PRODUCT_BUNDLE_IDENTIFIER = "vincez.Pixel-CityTests";
				PRODUCT_NAME = "$(TARGET_NAME)";
				SWIFT_VERSION = 4.0;
				TARGETED_DEVICE_FAMILY = "1,2";
				TEST_HOST = "$(BUILT_PRODUCTS_DIR)/Pixel City.app/Pixel City";
			};
			name = Release;
		};
		0A555CF51FDF136C0023E34F /* Debug */ = {
			isa = XCBuildConfiguration;
			buildSettings = {
				ALWAYS_EMBED_SWIFT_STANDARD_LIBRARIES = YES;
				CODE_SIGN_STYLE = Automatic;
				INFOPLIST_FILE = "Pixel CityUITests/Info.plist";
				LD_RUNPATH_SEARCH_PATHS = "$(inherited) @executable_path/Frameworks @loader_path/Frameworks";
				PRODUCT_BUNDLE_IDENTIFIER = "vincez.Pixel-CityUITests";
				PRODUCT_NAME = "$(TARGET_NAME)";
				SWIFT_VERSION = 4.0;
				TARGETED_DEVICE_FAMILY = "1,2";
				TEST_TARGET_NAME = "Pixel City";
			};
			name = Debug;
		};
		0A555CF61FDF136C0023E34F /* Release */ = {
			isa = XCBuildConfiguration;
			buildSettings = {
				ALWAYS_EMBED_SWIFT_STANDARD_LIBRARIES = YES;
				CODE_SIGN_STYLE = Automatic;
				INFOPLIST_FILE = "Pixel CityUITests/Info.plist";
				LD_RUNPATH_SEARCH_PATHS = "$(inherited) @executable_path/Frameworks @loader_path/Frameworks";
				PRODUCT_BUNDLE_IDENTIFIER = "vincez.Pixel-CityUITests";
				PRODUCT_NAME = "$(TARGET_NAME)";
				SWIFT_VERSION = 4.0;
				TARGETED_DEVICE_FAMILY = "1,2";
				TEST_TARGET_NAME = "Pixel City";
			};
			name = Release;
		};
/* End XCBuildConfiguration section */

/* Begin XCConfigurationList section */
		0A555CC11FDF136C0023E34F /* Build configuration list for PBXProject "Pixel City" */ = {
			isa = XCConfigurationList;
			buildConfigurations = (
				0A555CEC1FDF136C0023E34F /* Debug */,
				0A555CED1FDF136C0023E34F /* Release */,
			);
			defaultConfigurationIsVisible = 0;
			defaultConfigurationName = Release;
		};
		0A555CEE1FDF136C0023E34F /* Build configuration list for PBXNativeTarget "Pixel City" */ = {
			isa = XCConfigurationList;
			buildConfigurations = (
				0A555CEF1FDF136C0023E34F /* Debug */,
				0A555CF01FDF136C0023E34F /* Release */,
			);
			defaultConfigurationIsVisible = 0;
			defaultConfigurationName = Release;
		};
		0A555CF11FDF136C0023E34F /* Build configuration list for PBXNativeTarget "Pixel CityTests" */ = {
			isa = XCConfigurationList;
			buildConfigurations = (
				0A555CF21FDF136C0023E34F /* Debug */,
				0A555CF31FDF136C0023E34F /* Release */,
			);
			defaultConfigurationIsVisible = 0;
			defaultConfigurationName = Release;
		};
		0A555CF41FDF136C0023E34F /* Build configuration list for PBXNativeTarget "Pixel CityUITests" */ = {
			isa = XCConfigurationList;
			buildConfigurations = (
				0A555CF51FDF136C0023E34F /* Debug */,
				0A555CF61FDF136C0023E34F /* Release */,
			);
			defaultConfigurationIsVisible = 0;
			defaultConfigurationName = Release;
		};
/* End XCConfigurationList section */
	};
	rootObject = 0A555CBE1FDF136C0023E34F /* Project object */;
}
